# This file is autogenerated, do not edit; changes may be undone by the next 'dep ensure'.


[[projects]]
  digest = "1:7849405ec0d1cfb54bef230ac679a9eb8c19db284b7a014ff9370e7f375368fa"
  name = "cloud.google.com/go"
  packages = [
    "compute/metadata",
    "firestore",
    "firestore/apiv1",
    "iam",
    "internal",
    "internal/btree",
    "internal/fields",
    "internal/optional",
    "internal/trace",
    "internal/version",
    "storage",
  ]
  pruneopts = "T"
  revision = "ceeb313ad77b789a7fa5287b36a1d127b69b7093"
  version = "v0.44.3"

[[projects]]
  digest = "1:0a7cfb13787ca77c9db594a7ebf9ddb8917d4c2d15ac937dfcdafbbe5018f203"
  name = "firebase.google.com/go"
  packages = [
    ".",
    "auth",
    "db",
    "iid",
    "internal",
    "messaging",
    "storage",
  ]
  pruneopts = "T"
  revision = "79d5dcdeff7f536eb11a549dd25579d88831d19e"
  version = "v3.9.0"

[[projects]]
  branch = "master"
  digest = "1:1a7e4b5bedcd24c5513ad6cb0987bd0209a5378d59684c996c95009e84c7fb32"
  name = "github.com/FactomProject/basen"
  packages = ["."]
  pruneopts = "T"
  revision = "fe3947df716ebfda9847eb1b9a48f9592e06478c"

[[projects]]
  branch = "master"
  digest = "1:2e4626d33e9ff3ca8ced52a94768647fcb5102505b2bf66a9da4135826396688"
  name = "github.com/FactomProject/btcutilecc"
  packages = ["."]
  pruneopts = "T"
  revision = "d3a63a5752ecf3fbc06bd97365da752111c263df"

[[projects]]
  branch = "master"
  digest = "1:7996950d6e7d367ff77af55a45a5f59aba0d15ecd4ae74697b1bda8e9f2e66ab"
  name = "github.com/agl/ed25519"
  packages = [
    ".",
    "edwards25519",
  ]
  pruneopts = "T"
  revision = "5312a61534124124185d41f09206b9fef1d88403"

[[projects]]
  digest = "1:777f1f0fc92c6fb838ff214ef3b05160b513c262beb88fa342d7a50e797b9539"
  name = "github.com/allegro/bigcache"
  packages = [
    ".",
    "queue",
  ]
  pruneopts = "T"
  revision = "f31987a23e44c5121ef8c8b2f2ea2e8ffa37b068"
  version = "v1.1.0"

[[projects]]
  branch = "master"
  digest = "1:7cee4042afa1b4a23ce6c2cdac8abc272badfe2f097a3764664d9f4ef68e139c"
  name = "github.com/aristanetworks/goarista"
  packages = ["monotime"]
  pruneopts = "T"
  revision = "b7a59f2ffb2369336aaa78fc9a555e4fd277616b"

[[projects]]
  branch = "master"
  digest = "1:284991eced0107245670226f7a9d6231291dbd724820f05b85fbb9d191d1d9d3"
  name = "github.com/bluele/gcache"
  packages = ["."]
  pruneopts = "T"
  revision = "472614239ac7e5bc6461e237c798a6ebd5aff8c1"

[[projects]]
  digest = "1:8497f5ae29db3c6f5492cea78b0a72e0fb6779a835219980977097fa256082c2"
  name = "github.com/boltdb/bolt"
  packages = ["."]
  pruneopts = "T"
  revision = "2f1ce7a837dcb8da3ec595b1dac9d0632f0f99e8"
  version = "v1.3.1"

[[projects]]
  branch = "master"
  digest = "1:80c3d831cb5d93d8e585d7a99256b2009a72453506e6c5a1a36e1271f7d47127"
  name = "github.com/btcsuite/btcd"
  packages = [
    "btcec",
    "btcjson",
    "chaincfg",
    "chaincfg/chainhash",
    "rpcclient",
    "wire",
  ]
  pruneopts = "T"
  revision = "ed77733ec07dfc8a513741138419b8d9d3de9d2d"

[[projects]]
  branch = "master"
  digest = "1:30d4a548e09bca4a0c77317c58e7407e2a65c15325e944f9c08a7b7992f8a59e"
  name = "github.com/btcsuite/btclog"
  packages = ["."]
  pruneopts = "T"
  revision = "84c8d2346e9fc8c7b947e243b9c24e6df9fd206a"

[[projects]]
  branch = "master"
  digest = "1:873130b4c1e2424f8ba0ba98fdd83361639e24ce3705e5e4195a0c859db09fb5"
  name = "github.com/btcsuite/btcutil"
  packages = [
    ".",
    "base58",
    "bech32",
    "hdkeychain",
  ]
  pruneopts = "T"
  revision = "bf1e1be935893b7c8ac9f020195f6b0dfd1f14e0"

[[projects]]
  branch = "master"
  digest = "1:422f38d57f1bc0fdc34f26d0f1026869a3710400b09b5478c9288efa13573cfa"
  name = "github.com/btcsuite/go-socks"
  packages = ["socks"]
  pruneopts = "T"
  revision = "4720035b7bfd2a9bb130b1c184f8bbe41b6f0d0f"

[[projects]]
  branch = "master"
  digest = "1:690a83dc945a219bceb223c2881392edd9fcf25f42b14b0b81e16a6e77e4c5c6"
  name = "github.com/btcsuite/golangcrypto"
  packages = ["ripemd160"]
  pruneopts = "T"
  revision = "53f62d9b43e87a6c56975cf862af7edf33a8d0df"

[[projects]]
  branch = "master"
  digest = "1:0c86bb908769e764c918826ff3809c1ecc3a7a41f715dbac69ef2bd5c1357c3c"
  name = "github.com/btcsuite/websocket"
  packages = ["."]
  pruneopts = "T"
  revision = "31079b6807923eb23992c421b114992b95131b55"

[[projects]]
  digest = "1:fed1f537c2f1269fe475a8556c393fe466641682d73ef8fd0491cd3aa1e47bad"
  name = "github.com/certifi/gocertifi"
  packages = ["."]
  pruneopts = "T"
  revision = "deb3ae2ef2610fde3330947281941c562861188b"
  version = "2018.01.18"

[[projects]]
  digest = "1:9f42202ac457c462ad8bb9642806d275af9ab4850cf0b1960b9c6f083d4a309a"
  name = "github.com/davecgh/go-spew"
  packages = ["spew"]
  pruneopts = "T"
  revision = "8991bc29aa16c548c550c7ff78260e27b9ab7c73"
  version = "v1.1.1"

[[projects]]
  digest = "1:1e9a0ec4f7e852123fefad9aadd7647eed1e9fd3716118e99a4b3dc463705c82"
  name = "github.com/dchest/siphash"
  packages = ["."]
  pruneopts = "T"
  revision = "34f201214d993633bb24f418ba11736ab8b55aa7"
  version = "v1.2.1"

[[projects]]
  digest = "1:e47d51dab652d26c3fba6f8cba403f922d02757a82abdc77e90df7948daf296e"
  name = "github.com/deckarep/golang-set"
  packages = ["."]
  pruneopts = "T"
  revision = "cbaa98ba5575e67703b32b4b19f73c91f3c4159e"
  version = "v1.7.1"

[[projects]]
  digest = "1:edb569dd02419a41ddd98768cc0e7aec922ef19dae139731e5ca750afcf6f4c5"
  name = "github.com/edsrzf/mmap-go"
  packages = ["."]
  pruneopts = "T"
  revision = "188cc3b666ba704534fa4f96e9e61f21f1e1ba7c"
  version = "v1.0.0"

[[projects]]
  digest = "1:fedb9266f624fa96090297c458ae0aa2207212adc0300cfb32fd71f6573102e9"
  name = "github.com/emirpasic/gods"
  packages = [
    "containers",
    "lists",
    "lists/doublylinkedlist",
    "utils",
  ]
  pruneopts = "T"
  revision = "1615341f118ae12f353cc8a983f35b584342c9b3"
  version = "v1.12.0"

[[projects]]
  digest = "1:b42be5a3601f833e0b9f2d6625d887ec1309764bfcac3d518f3db425dcd4ec5c"
  name = "github.com/ethereum/go-ethereum"
  packages = [
    ".",
    "accounts",
    "accounts/abi",
    "accounts/abi/bind",
    "accounts/abi/bind/backends",
    "accounts/keystore",
    "common",
    "common/bitutil",
    "common/hexutil",
    "common/math",
    "common/mclock",
    "common/prque",
    "consensus",
    "consensus/ethash",
    "consensus/misc",
    "core",
    "core/bloombits",
    "core/rawdb",
    "core/state",
    "core/types",
    "core/vm",
    "crypto",
    "crypto/bn256",
    "crypto/bn256/cloudflare",
    "crypto/bn256/google",
    "crypto/secp256k1",
    "eth/filters",
    "ethclient",
    "ethdb",
    "event",
    "log",
    "metrics",
    "p2p/netutil",
    "params",
    "rlp",
    "rpc",
    "trie",
  ]
  pruneopts = "T"
  revision = "9dc5d1a915ac0e0bd8429d6ac41df50eec91de5f"
  version = "v1.8.21"

[[projects]]
  digest = "1:7fc160b460a6fc506b37fcca68332464c3f2cd57b6e3f111f26c5bbfd2d5518e"
  name = "github.com/fsnotify/fsnotify"
  packages = ["."]
  pruneopts = "T"
  revision = "c2828203cd70a50dcccfb2761f8b1f8ceef9a8e9"
  version = "v1.4.7"

[[projects]]
  digest = "1:6727dbb4ed1e0230978cd93c1e1a378c86b44f3146d44758bb07bdaa42d957e6"
  name = "github.com/gcash/bchd"
  packages = [
    "bchec",
    "btcjson",
    "chaincfg",
    "chaincfg/chainhash",
    "rpcclient",
    "wire",
  ]
  pruneopts = "T"
  revision = "a7da940fa7acd911411389d5bc738f747e68a44a"
  version = "v0.14.2"

[[projects]]
  branch = "master"
  digest = "1:b1053b781e9090dab5d3e916eb04c8d85b63a7f6911007c2cd1dd82fb22f7f6a"
  name = "github.com/gcash/bchlog"
  packages = ["."]
  pruneopts = "T"
  revision = "b4f036f92fa66c88eec458f4531ff14ff87704d6"

[[projects]]
  branch = "master"
  digest = "1:667fda946d04efc90c1fb9270c26e4620dd5b51f5aff458650a9dff6204ea4b8"
  name = "github.com/gcash/bchutil"
  packages = [
    ".",
    "base58",
  ]
  pruneopts = "T"
  revision = "050b747bffa06a2effb1af5454753130c41069ab"

[[projects]]
  digest = "1:4c183be9fd1680d917006bb4884c1ac3d00a6bd33b0d36c8439c8cbd011e5aac"
  name = "github.com/getsentry/raven-go"
  packages = ["."]
  pruneopts = "T"
  revision = "f04e7487e9a6b9d9837d52743fb5f40576c56411"
  version = "v0.2.0"

[[projects]]
  digest = "1:aacef5f5e45685f2aeda5534d0a750dee6859de7e9088cdd06192787bb01ae6d"
  name = "github.com/go-errors/errors"
  packages = ["."]
  pruneopts = "T"
  revision = "a6af135bd4e28680facf08a3d206b454abc877a4"
  version = "v1.0.1"

[[projects]]
  digest = "1:f3dd8c637c9a69a9ee4defb4c8a8ebb2aa4e38e6112068b7359daa5959c1f548"
  name = "github.com/go-pg/pg"
  packages = [
    ".",
    "internal",
    "internal/iszero",
    "internal/parser",
    "internal/pool",
    "internal/struct_filter",
    "internal/tag",
    "orm",
    "types",
  ]
  pruneopts = "T"
  revision = "e27c7a61ad4e9a57b1259cd9f53f016866e43484"
  version = "v7.1.6"

[[projects]]
  digest = "1:586ea76dbd0374d6fb649a91d70d652b7fe0ccffb8910a77468e7702e7901f3d"
  name = "github.com/go-stack/stack"
  packages = ["."]
  pruneopts = "T"
  revision = "2fee6af1a9795aafbe0253a0cfbdf668e1fb8a9a"
  version = "v1.8.0"

[[projects]]
  digest = "1:a2ecb56e5053d942aafc86738915fb94c9131bac848c543b8b6764365fd69080"
  name = "github.com/golang/protobuf"
  packages = [
    "proto",
    "protoc-gen-go/descriptor",
    "ptypes",
    "ptypes/any",
    "ptypes/duration",
    "ptypes/empty",
    "ptypes/struct",
    "ptypes/timestamp",
    "ptypes/wrappers",
  ]
  pruneopts = "T"
  revision = "aa810b61a9c79d51363740d207bb46cf8e620ed5"
  version = "v1.2.0"

[[projects]]
  branch = "master"
  digest = "1:6027b20c168728321bd99ad01f35118eded457b01c03e647a84833ab331f2f5b"
  name = "github.com/golang/snappy"
  packages = ["."]
  pruneopts = "T"
  revision = "2e65f85255dbc3072edf28d6b5b8efc472979f5a"

[[projects]]
  digest = "1:236d7e1bdb50d8f68559af37dbcf9d142d56b431c9b2176d41e2a009b664cda8"
  name = "github.com/google/uuid"
  packages = ["."]
  pruneopts = "T"
  revision = "9b3b1e0f5f99ae461456d768e7d301a7acdaa2d8"
  version = "v1.1.0"

[[projects]]
  digest = "1:2e734db0d54ce90b2dc4aa69a1da8568b48d61f0b809c75b41c8e054e6ba7cc3"
  name = "github.com/googleapis/gax-go"
  packages = ["v2"]
  pruneopts = "T"
  revision = "bd5b16380fd03dc758d11cef74ba2e3bc8b0e8c2"
  version = "v2.0.5"

[[projects]]
  digest = "1:c79fb010be38a59d657c48c6ba1d003a8aa651fa56b579d959d74573b7dff8e1"
  name = "github.com/gorilla/context"
  packages = ["."]
  pruneopts = "T"
  revision = "08b5f424b9271eedf6f9f0ce86cb9396ed337a42"
  version = "v1.1.1"

[[projects]]
  digest = "1:e73f5b0152105f18bc131fba127d9949305c8693f8a762588a82a48f61756f5f"
  name = "github.com/gorilla/mux"
  packages = ["."]
  pruneopts = "T"
  revision = "e3702bed27f0d39777b0b37b664b6280e8ef8fbf"
  version = "v1.6.2"

[[projects]]
  digest = "1:df068a26fedb0f1667f4cb5d05bf15791e351ea4baeb15fd98bf4003df8c4557"
  name = "github.com/h2non/gock"
  packages = ["."]
  pruneopts = "T"
  revision = "3ffff9b1aa8200275a5eb219c5f9c62bd27acb31"
  version = "v1.0.15"

[[projects]]
  digest = "1:574f4e0c57e045c9d109d23c60c586b2198eaead53daa97ed5f65c616e22a9b0"
  name = "github.com/h2non/parth"
  packages = ["."]
  pruneopts = "T"
  revision = "b4df798d65426f8c8ab5ca5f9987aec5575d26c9"
  version = "v2.0.1"

[[projects]]
  branch = "master"
  digest = "1:f2a90b26392dce30cd10425545709815f38cf07a2ae21f5b3060f9276491555d"
  name = "github.com/haltingstate/secp256k1-go"
  packages = [
    ".",
    "secp256k1-go2",
  ]
  pruneopts = "T"
  revision = "572209b26df66a638573023571b5ce80983214eb"

[[projects]]
  digest = "1:8ec8d88c248041a6df5f6574b87bc00e7e0b493881dad2e7ef47b11dc69093b5"
  name = "github.com/hashicorp/golang-lru"
  packages = [
    ".",
    "simplelru",
  ]
  pruneopts = "T"
  revision = "20f1fb78b0740ba8c3cb143a61e86ba5c8669768"
  version = "v0.5.0"

[[projects]]
  digest = "1:071bcbf82c289fba4d3f63c876bf4f0ba7eda625cd60795e0a03ccbf949e517a"
  name = "github.com/hashicorp/hcl"
  packages = [
    ".",
    "hcl/ast",
    "hcl/parser",
    "hcl/printer",
    "hcl/scanner",
    "hcl/strconv",
    "hcl/token",
    "json/parser",
    "json/scanner",
    "json/token",
  ]
  pruneopts = "T"
  revision = "8cb6e5b959231cc1119e43259c4a608f9c51a241"
  version = "v1.0.0"

[[projects]]
  digest = "1:e82d7be1f730c38d869506a633cbbc7b98a154be6dcf22c236269b49d3cd8eda"
  name = "github.com/jamiealquiza/tachymeter"
  packages = ["."]
  pruneopts = "T"
  revision = "648c1d0993ac51f0da5166710106f4c373423e13"
  version = "v1.1.2"

[[projects]]
  branch = "master"
  digest = "1:fd97437fbb6b7dce04132cf06775bd258cce305c44add58eb55ca86c6c325160"
  name = "github.com/jinzhu/inflection"
  packages = ["."]
  pruneopts = "T"
  revision = "04140366298a54a039076d798123ffa108fff46c"

[[projects]]
  branch = "master"
  digest = "1:7d1a655e1f16ccaf1adb026bdeece28499ecb0ead32d32accc6ed6f2c40cacee"
  name = "github.com/juju/errors"
  packages = ["."]
  pruneopts = "T"
  revision = "089d3ea4e4d597bd98acac068193d341983326a3"

[[projects]]
  digest = "1:2106821001befed6a5783b54950030dd0614257d18bef539e46cae9afd02b89b"
  name = "github.com/lib/pq"
  packages = [
    ".",
    "oid",
  ]
  pruneopts = "T"
  revision = "4ded0e9383f75c197b3a2aaa6d590ac52df6fd79"
  version = "v1.0.0"

[[projects]]
  branch = "master"
  digest = "1:40fd4344363bba497067191d9a8fd067897d42faa7a9f46d573bf227d290c78a"
  name = "github.com/ltcsuite/ltcd"
  packages = [
    "btcec",
    "btcjson",
    "chaincfg",
    "chaincfg/chainhash",
    "rpcclient",
    "wire",
  ]
  pruneopts = "T"
  revision = "14cea604277a737f41d2abbdd4b18356cb8ed584"

[[projects]]
  branch = "master"
  digest = "1:b60b626fbc3834ed92483fed05d94f80373c6a13eb3920f0d7cadd32ac40455c"
  name = "github.com/ltcsuite/ltcutil"
  packages = [
    ".",
    "base58",
    "bech32",
  ]
  pruneopts = "T"
  revision = "17f3b04680b6521349067fb99d9f7495a9e96d60"

[[projects]]
  digest = "1:53e8c5c79716437e601696140e8b1801aae4204f4ec54a504333702a49572c4f"
  name = "github.com/magiconair/properties"
  packages = [
    ".",
    "assert",
  ]
  pruneopts = "T"
  revision = "c2353362d570a7bfa228149c62842019201cfb71"
  version = "v1.8.0"

[[projects]]
  branch = "master"
  digest = "1:31bd492aa2822484bcec518e0b693e1aedfdf9637b43527c0ad29d5cf8abfd43"
  name = "github.com/manucorporat/sse"
  packages = ["."]
  pruneopts = "T"
  revision = "ee05b128a739a0fb76c7ebd3ae4810c1de808d6d"

[[projects]]
  digest = "1:53bc4cd4914cd7cd52139990d5170d6dc99067ae31c56530621b18b35fc30318"
  name = "github.com/mitchellh/mapstructure"
  packages = ["."]
  pruneopts = "T"
  revision = "3536a929edddb9a5b34bd6861dc4a9647cb459fe"
  version = "v1.1.2"

[[projects]]
  branch = "master"
  digest = "1:7e60fc45b5bbeb666c6cc239d3813e54851d836d2c3976fd23737e45905ed06c"
  name = "github.com/nullstyle/go-xdr"
  packages = ["xdr3"]
  pruneopts = "T"
  revision = "f4c839f750778158541decf4c318fc7625ec066b"

[[projects]]
  digest = "1:0a4290c90cd0e91b90d7c3846b78898d20d375e156b7501a908819bd5478f9f5"
  name = "github.com/op/go-logging"
  packages = ["."]
  pruneopts = "T"
  revision = "b2cb9fa56473e98db8caba80237377e83fe44db5"
  version = "v1"

[[projects]]
  digest = "1:e5d0bd87abc2781d14e274807a470acd180f0499f8bf5bb18606e9ec22ad9de9"
  name = "github.com/pborman/uuid"
  packages = ["."]
  pruneopts = "T"
  revision = "adf5a7427709b9deb95d29d3fa8a2bf9cfd388f1"
  version = "v1.2"

[[projects]]
  digest = "1:ccf9949c9c53e85dcb7e2905fc620571422567040925381e6baa62f0b7b850fe"
  name = "github.com/pelletier/go-toml"
  packages = ["."]
  pruneopts = "T"
  revision = "c01d1270ff3e442a8a57cddc1c92dc1138598194"
  version = "v1.2.0"

[[projects]]
  digest = "1:cf31692c14422fa27c83a05292eb5cbe0fb2775972e8f1f8446a71549bd8980b"
  name = "github.com/pkg/errors"
  packages = ["."]
  pruneopts = "T"
  revision = "ba968bfe8b2f7e042a574c888954fccecfa385b4"
  version = "v0.8.1"

[[projects]]
  digest = "1:22aa691fe0213cb5c07d103f9effebcb7ad04bee45a0ce5fe5369d0ca2ec3a1f"
  name = "github.com/pmezard/go-difflib"
  packages = ["difflib"]
  pruneopts = "T"
  revision = "792786c7400a136282c1664665ae0a8db921c6c2"
  version = "v1.0.0"

[[projects]]
  digest = "1:955638154b68a94040247fbca743219b70c5ada56f7157d60d0e0066628c437e"
  name = "github.com/quantadex/quanta_book"
  packages = [
    "common",
    "consensus",
    "consensus/cosi",
    "consensus/tests",
    "storage/pb",
  ]
  pruneopts = "T"
  revision = "2a44aa56823a4e7ad9ea568f6e1dc795fa3f166f"

[[projects]]
  digest = "1:9787d2d3220cbfd444596afd03ab0abcf391df169b789fbe3eae27fa2e426cf6"
  name = "github.com/rjeczalik/notify"
  packages = ["."]
  pruneopts = "T"
  revision = "69d839f37b13a8cb7a78366f7633a4071cb43be7"
  version = "v0.9.2"

[[projects]]
  digest = "1:a8a03bca5a81878daa4958136f3372af00437c61129ca088a430b0b786b9378a"
  name = "github.com/rs/cors"
  packages = ["."]
  pruneopts = "T"
  revision = "9a47f48565a795472d43519dd49aac781f3034fb"
  version = "v1.6.0"

[[projects]]
  branch = "master"
  digest = "1:d61e892db1e4f4dfdea79f31d4511d422ce75e20bab74b73b91f9302bc717790"
  name = "github.com/scorum/bitshares-go"
  packages = [
    "apis/database",
    "apis/login",
    "apis/networkbroadcast",
    "caller",
    "encoding/transaction",
    "sign",
    "sign/rfc6979",
    "transport/websocket",
    "types",
  ]
  pruneopts = "T"
  revision = "bbfc9bedaa1b2ddaead3eafe47237efcd9b8496d"

[[projects]]
  digest = "1:6376756ce78143b44d16549590d5bbb2ea5f8202083c3c8e548ac8757616fcfb"
  name = "github.com/scorum/scorum-go"
  packages = ["transport"]
  pruneopts = "T"
  revision = "e6a9ae1b628f0164acc403fa9bc1cfd6bd6f8499"
  version = "v0.2.1"

[[projects]]
  digest = "1:54bd573538ca13ccf85d18c99249d934f17957f17263256b42565a11c854c1de"
  name = "github.com/segmentio/go-loggly"
  packages = ["."]
  pruneopts = "T"
  revision = "3e0cec4266ddf583aecef51bb8e9badc3cca5314"
  version = "v0.5.0"

[[projects]]
  digest = "1:f4144e2638d1a213dc42fc7a7242d48285cbce7ada079f475c96920731b999b0"
  name = "github.com/sirupsen/logrus"
  packages = [
    ".",
    "hooks/test",
  ]
  pruneopts = "T"
  revision = "68cec9f21fbf3ea8d8f98c044bc6ce05f17b267a"

[[projects]]
  digest = "1:2b9e473441ec584565880b55467ba1797417f42a60d92af4a761f8485a57e4d0"
  name = "github.com/spf13/afero"
  packages = [
    ".",
    "mem",
  ]
  pruneopts = "T"
  revision = "a5d6946387efe7d64d09dcba68cdd523dc1273a3"
  version = "v1.2.0"

[[projects]]
  digest = "1:08d65904057412fc0270fc4812a1c90c594186819243160dc779a402d4b6d0bc"
  name = "github.com/spf13/cast"
  packages = ["."]
  pruneopts = "T"
  revision = "8c9545af88b134710ab1cd196795e7f2388358d7"
  version = "v1.3.0"

[[projects]]
  digest = "1:68ea4e23713989dc20b1bded5d9da2c5f9be14ff9885beef481848edd18c26cb"
  name = "github.com/spf13/jwalterweatherman"
  packages = ["."]
  pruneopts = "T"
  revision = "4a4406e478ca629068e7768fc33f3f044173c0a6"
  version = "v1.0.0"

[[projects]]
  digest = "1:0f775ea7a72e30d5574267692aaa9ff265aafd15214a7ae7db26bc77f2ca04dc"
  name = "github.com/spf13/pflag"
  packages = ["."]
  pruneopts = "T"
  revision = "298182f68c66c05229eb03ac171abe6e309ee79a"
  version = "v1.0.3"

[[projects]]
  digest = "1:fefab651e5663d271bda04e3fac63e52d642b454ef88dc1b78deca05f267e94e"
  name = "github.com/spf13/viper"
  packages = ["."]
  pruneopts = "T"
  revision = "6d33b5a963d922d182c91e8a1c88d81fd150cfd4"
  version = "v1.3.1"

[[projects]]
  branch = "quanta"
  digest = "1:595294464c6be6861b0345929b128fae427d0a7f0585946d77629aa04a947787"
  name = "github.com/stellar/go"
  packages = [
    "amount",
    "build",
    "clients/horizon",
    "crc16",
    "hash",
    "keypair",
    "network",
    "price",
    "strkey",
    "support/errors",
    "support/http/mutil",
    "support/log",
    "support/render/problem",
    "xdr",
  ]
  pruneopts = "T"
  revision = "0330a329754553e5720edf838ab8b1056486f717"
  source = "https://github.com/quantadex/stellar_go.git"

[[projects]]
  digest = "1:8d58d88a7b2a7440509bee60f3e865773e8f79e622817ddb63ba3cda9efba25a"
  name = "github.com/stretchr/objx"
  packages = ["."]
  pruneopts = "T"
  revision = "477a77ecc69700c7cdeb1fa9e129548e1c1c393c"
  version = "v0.1.1"

[[projects]]
  digest = "1:17c4ccf5cdb1627aaaeb5c1725cb13aec97b63ea2033d4a6824dcaedf94223dc"
  name = "github.com/stretchr/testify"
  packages = [
    "assert",
    "mock",
  ]
  pruneopts = "T"
  revision = "ffdc059bfe9ce6a4e144ba849dbedead332c6053"
  version = "v1.3.0"

[[projects]]
  branch = "master"
  digest = "1:7b17050757aaa2f52fcc582125d7abaf5fc2ff273bf023da0c4f98e6f2ebed5f"
  name = "github.com/syndtr/goleveldb"
  packages = [
    "leveldb",
    "leveldb/cache",
    "leveldb/comparer",
    "leveldb/errors",
    "leveldb/filter",
    "leveldb/iterator",
    "leveldb/journal",
    "leveldb/memdb",
    "leveldb/opt",
    "leveldb/storage",
    "leveldb/table",
    "leveldb/util",
  ]
  pruneopts = "T"
  revision = "b001fa50d6b27f3f0bb175a87d0cb55426d0a0ae"

[[projects]]
  branch = "master"
  digest = "1:ec528a786fa75556deed44de7118a74ced456360e782786a20aed292a03955a5"
  name = "github.com/tyler-smith/go-bip32"
  packages = ["."]
  pruneopts = "T"
  revision = "2c9cfd17756470a0b7c3e4b7954bae7d11035504"

[[projects]]
  digest = "1:09477db8b485c414c3350e3014007e751a3e19002997b0ffceef0397bad164be"
  name = "github.com/zserge/metric"
  packages = ["."]
  pruneopts = "T"
  revision = "0941fa223948f2050fcc7d13ee7369327faf6c11"
  version = "v0.1.0"

[[projects]]
  digest = "1:2db3938c92f77a06bcb7eda1fbd3ee4c5f2c059dcb77e4624dd47fabe823d541"
  name = "go.opencensus.io"
  packages = [
    ".",
    "internal",
    "internal/tagencoding",
    "metric/metricdata",
    "metric/metricproducer",
    "plugin/ocgrpc",
    "plugin/ochttp",
    "plugin/ochttp/propagation/b3",
    "resource",
    "stats",
    "stats/internal",
    "stats/view",
    "tag",
    "trace",
    "trace/internal",
    "trace/propagation",
    "trace/tracestate",
  ]
  pruneopts = "T"
  revision = "9c377598961b706d1542bd2d84d538b5094d596e"
  version = "v0.22.0"

[[projects]]
  branch = "master"
  digest = "1:5f6a40f74aa9639cfcdaccb526d14a6a7c18900ea8f339416a43a580beb32c34"
  name = "golang.org/x/crypto"
  packages = [
    "pbkdf2",
    "ripemd160",
    "scrypt",
    "sha3",
    "ssh/terminal",
  ]
  pruneopts = "T"
  revision = "ff983b9c42bc9fbf91556e191cc8efb585c16908"

[[projects]]
  branch = "master"
  digest = "1:5be93c879e360e3a5a59fc463938c1761592cbf93664d29ca06970081a564a90"
  name = "golang.org/x/net"
  packages = [
    "context",
    "context/ctxhttp",
    "http/httpguts",
    "http2",
    "http2/hpack",
    "idna",
    "internal/timeseries",
    "trace",
    "websocket",
  ]
  pruneopts = "T"
  revision = "915654e7eabcea33ae277abbecf52f0d8b7a9fdc"

[[projects]]
  branch = "master"
  digest = "1:5c4903dc027aa1eb2d6f1e5c85754f353eff2f99874e987dbeccda17e58e84b8"
  name = "golang.org/x/oauth2"
  packages = [
    ".",
    "google",
    "internal",
    "jws",
    "jwt",
  ]
  pruneopts = "T"
  revision = "0f29369cfe4552d0e4bcddc57cc75f4d7e672a33"

[[projects]]
  branch = "master"
  digest = "1:1748ccad64c8a1fc602f507f9c68520c8ece1cff31be9ef810c41b3715d2c8f4"
  name = "golang.org/x/sys"
  packages = [
    "cpu",
    "unix",
    "windows",
  ]
  pruneopts = "T"
  revision = "11f53e03133963fb11ae0588e08b5e0b85be8be5"

[[projects]]
  digest = "1:6164911cb5e94e8d8d5131d646613ff82c14f5a8ce869de2f6d80d9889df8c5a"
  name = "golang.org/x/text"
  packages = [
    "collate",
    "collate/build",
    "internal/colltab",
    "internal/gen",
    "internal/tag",
    "internal/triegen",
    "internal/ucd",
    "language",
    "secure/bidirule",
    "transform",
    "unicode/bidi",
    "unicode/cldr",
    "unicode/norm",
    "unicode/rangetable",
  ]
  pruneopts = "T"
  revision = "f21a4dfb5e38f5895301dc265a8def02365cc3d0"
  version = "v0.3.0"

[[projects]]
  digest = "1:ea95362fa89661183407b0379b55018c9d767a178375aa2058c9ee41e7c2d617"
  name = "google.golang.org/api"
  packages = [
    "gensupport",
    "googleapi",
    "googleapi/internal/uritemplates",
    "googleapi/transport",
    "internal",
    "iterator",
    "option",
    "storage/v1",
    "transport",
    "transport/grpc",
    "transport/http",
    "transport/http/internal/propagation",
  ]
  pruneopts = "T"
  revision = "feb0267beb8644f5088a03be4d5ec3f8c7020152"
  version = "v0.9.0"

[[projects]]
  digest = "1:04b9a99f5ff102323281698000a18c2daabde66baea55fe74941d6c82ed715a8"
  name = "google.golang.org/appengine"
  packages = [
    ".",
    "internal",
    "internal/app_identity",
    "internal/base",
    "internal/datastore",
    "internal/log",
    "internal/modules",
    "internal/remote_api",
    "internal/socket",
    "internal/urlfetch",
    "socket",
    "urlfetch",
  ]
  pruneopts = "T"
  revision = "b2f4a3cf3c67576a2ee09e1fe62656a5086ce880"
  version = "v1.6.1"

[[projects]]
  branch = "master"
  digest = "1:e1505a39ad844b6a89856ffb97363cc47cbee0c511c1423d2d9c673cc4a215a0"
  name = "google.golang.org/genproto"
  packages = [
    "googleapis/api/annotations",
    "googleapis/firestore/v1",
    "googleapis/iam/v1",
    "googleapis/rpc/code",
    "googleapis/rpc/status",
    "googleapis/type/expr",
    "googleapis/type/latlng",
  ]
  pruneopts = "T"
  revision = "24fa4b261c55da65468f2abfdae2b024eef27dfb"

[[projects]]
  digest = "1:92bc59c5f3ca559a2ec0a39256c767b2759cbec8bba4fce5811f8f509046f0f2"
  name = "google.golang.org/grpc"
  packages = [
    ".",
    "balancer",
    "balancer/base",
    "balancer/grpclb",
    "balancer/grpclb/grpc_lb_v1",
    "balancer/roundrobin",
    "binarylog/grpc_binarylog_v1",
    "codes",
    "connectivity",
    "credentials",
    "credentials/alts",
    "credentials/alts/internal",
    "credentials/alts/internal/authinfo",
    "credentials/alts/internal/conn",
    "credentials/alts/internal/handshaker",
    "credentials/alts/internal/handshaker/service",
    "credentials/alts/internal/proto/grpc_gcp",
    "credentials/google",
    "credentials/internal",
    "credentials/oauth",
    "encoding",
    "encoding/proto",
    "grpclog",
    "internal",
    "internal/backoff",
    "internal/balancerload",
    "internal/binarylog",
    "internal/channelz",
    "internal/envconfig",
    "internal/grpcrand",
    "internal/grpcsync",
    "internal/syscall",
    "internal/transport",
    "keepalive",
    "metadata",
    "naming",
    "peer",
    "resolver",
    "resolver/dns",
    "resolver/passthrough",
    "serviceconfig",
    "stats",
    "status",
    "tap",
  ]
  pruneopts = "T"
  revision = "6eaf6f47437a6b4e2153a190160ef39a92c7eceb"
  version = "v1.23.0"

[[projects]]
  digest = "1:cc9f0c72e45707522afc156b3d715443e2021acedff165a4803f72a0d2ed170f"
  name = "gopkg.in/matryer/try.v1"
  packages = ["."]
  pruneopts = "T"
  revision = "312d2599e12e89ca89b52a09597394f449235d80"
  version = "v1"

[[projects]]
  branch = "v2"
  digest = "1:3d3f9391ab615be8655ae0d686a1564f3fec413979bb1aaf018bac1ec1bb1cc7"
  name = "gopkg.in/natefinch/npipe.v2"
  packages = ["."]
  pruneopts = "T"
  revision = "c1b8fa8bdccecb0b8db834ee0b92fdbcfa606dd6"

[[projects]]
  digest = "1:4d2e5a73dc1500038e504a8d78b986630e3626dc027bc030ba5c75da257cdb96"
  name = "gopkg.in/yaml.v2"
  packages = ["."]
  pruneopts = "T"
  revision = "51d6538a90f86fe93ac480b35f37b2be17fef232"
  version = "v2.2.2"

[[projects]]
  digest = "1:999d566ad1ae4303c456af5a155f7b42401cca4fd33552567ed9dd997b107a08"
  name = "mellium.im/sasl"
  packages = ["."]
  pruneopts = "T"
  revision = "e58e780e1378aa4df5dc705364ff5ae9a4dd1e04"
  version = "v0.2.1"

[solve-meta]
  analyzer-name = "dep"
  analyzer-version = 1
  input-imports = [
    "firebase.google.com/go",
    "github.com/agl/ed25519",
    "github.com/bluele/gcache",
    "github.com/boltdb/bolt",
    "github.com/btcsuite/btcd/btcec",
    "github.com/btcsuite/btcd/btcjson",
    "github.com/btcsuite/btcd/chaincfg",
    "github.com/btcsuite/btcd/chaincfg/chainhash",
    "github.com/btcsuite/btcd/rpcclient",
    "github.com/btcsuite/btcd/wire",
    "github.com/btcsuite/btcutil",
    "github.com/btcsuite/btcutil/base58",
    "github.com/btcsuite/btcutil/hdkeychain",
    "github.com/emirpasic/gods/lists/doublylinkedlist",
    "github.com/ethereum/go-ethereum",
    "github.com/ethereum/go-ethereum/accounts/abi",
    "github.com/ethereum/go-ethereum/accounts/abi/bind",
    "github.com/ethereum/go-ethereum/accounts/abi/bind/backends",
    "github.com/ethereum/go-ethereum/accounts/keystore",
    "github.com/ethereum/go-ethereum/common",
    "github.com/ethereum/go-ethereum/common/hexutil",
    "github.com/ethereum/go-ethereum/core",
    "github.com/ethereum/go-ethereum/core/types",
    "github.com/ethereum/go-ethereum/crypto",
    "github.com/ethereum/go-ethereum/ethclient",
    "github.com/ethereum/go-ethereum/event",
    "github.com/gcash/bchd/btcjson",
    "github.com/gcash/bchd/chaincfg",
    "github.com/gcash/bchd/chaincfg/chainhash",
    "github.com/gcash/bchd/rpcclient",
    "github.com/gcash/bchd/wire",
    "github.com/gcash/bchutil",
    "github.com/go-errors/errors",
    "github.com/go-pg/pg",
    "github.com/go-pg/pg/orm",
    "github.com/gorilla/mux",
    "github.com/h2non/gock",
    "github.com/haltingstate/secp256k1-go",
    "github.com/jamiealquiza/tachymeter",
    "github.com/juju/errors",
    "github.com/ltcsuite/ltcd/btcjson",
    "github.com/ltcsuite/ltcd/chaincfg",
    "github.com/ltcsuite/ltcd/chaincfg/chainhash",
    "github.com/ltcsuite/ltcd/rpcclient",
    "github.com/ltcsuite/ltcd/wire",
    "github.com/ltcsuite/ltcutil",
    "github.com/magiconair/properties/assert",
    "github.com/op/go-logging",
    "github.com/pkg/errors",
    "github.com/quantadex/quanta_book/common",
    "github.com/quantadex/quanta_book/consensus",
    "github.com/quantadex/quanta_book/consensus/cosi",
    "github.com/quantadex/quanta_book/consensus/tests",
    "github.com/scorum/bitshares-go/apis/database",
    "github.com/scorum/bitshares-go/apis/login",
    "github.com/scorum/bitshares-go/apis/networkbroadcast",
    "github.com/scorum/bitshares-go/sign",
    "github.com/scorum/bitshares-go/transport/websocket",
    "github.com/scorum/bitshares-go/types",
    "github.com/spf13/viper",
    "github.com/stellar/go/amount",
    "github.com/stellar/go/build",
    "github.com/stellar/go/clients/horizon",
    "github.com/stellar/go/keypair",
    "github.com/stellar/go/support/errors",
    "github.com/stellar/go/support/log",
    "github.com/stellar/go/xdr",
    "github.com/stretchr/testify/assert",
    "github.com/tyler-smith/go-bip32",
    "github.com/zserge/metric",
    "golang.org/x/crypto/ripemd160",
    "golang.org/x/crypto/sha3",
    "golang.org/x/crypto/ssh/terminal",
    "gopkg.in/matryer/try.v1",
  ]
  solver-name = "gps-cdcl"
  solver-version = 1
